
Microsoft Visual Studio Solution File, Format Version 12.00
# Visual Studio Version 17
VisualStudioVersion = 17.13.35931.197 d17.13
MinimumVisualStudioVersion = 10.0.40219.1
Project("{FAE04EC0-301F-11D3-BF4B-00C04F79EFBC}") = "test 2", "test 2\test 2.csproj", "{BD98BF23-F6B1-4060-9C81-B293B3F6C96A}"
EndProject
Global
	GlobalSection(SolutionConfigurationPlatforms) = preSolution
		Debug|Any CPU = Debug|Any CPU
		Release|Any CPU = Release|Any CPU
	EndGlobalSection
	GlobalSection(ProjectConfigurationPlatforms) = postSolution
		{BD98BF23-F6B1-4060-9C81-B293B3F6C96A}.Debug|Any CPU.ActiveCfg = Debug|Any CPU
		{BD98BF23-F6B1-4060-9C81-B293B3F6C96A}.Debug|Any CPU.Build.0 = Debug|Any CPU
		{BD98BF23-F6B1-4060-9C81-B293B3F6C96A}.Release|Any CPU.ActiveCfg = Release|Any CPU
		{BD98BF23-F6B1-4060-9C81-B293B3F6C96A}.Release|Any CPU.Build.0 = Release|Any CPU
	EndGlobalSection
	GlobalSection(SolutionProperties) = preSolution
		HideSolutionNode = FALSE
	EndGlobalSection
	GlobalSection(ExtensibilityGlobals) = postSolution
		SolutionGuid = {FE2AAED0-6FF8-40FE-9913-827A75E9E206}
	EndGlobalSection
EndGlobal
